
Microsoft Visual Studio Solution File, Format Version 12.00
# Visual Studio Version 17
VisualStudioVersion = 17.4.33213.308
MinimumVisualStudioVersion = 10.0.40219.1
Project("{2150E333-8FDC-42A3-9474-1A3956D46DE8}") = "src", "src", "{E0B56747-1829-4CB8-974D-6D26D64F7665}"
EndProject
Project("{2150E333-8FDC-42A3-9474-1A3956D46DE8}") = "tests", "tests", "{DA2B89AB-F367-40FB-8D24-A0A2D262033C}"
EndProject
Project("{2150E333-8FDC-42A3-9474-1A3956D46DE8}") = "Domain", "Domain", "{6B37CD19-6978-4754-8CC9-1AACB202E2F1}"
EndProject
Project("{2150E333-8FDC-42A3-9474-1A3956D46DE8}") = "DataAccess", "DataAccess", "{84DADEED-6160-408C-B90A-C69AE44C262C}"
EndProject
Project("{2150E333-8FDC-42A3-9474-1A3956D46DE8}") = "Business", "Business", "{9465F8E7-675C-4553-8ED1-E23F4CDBA249}"
EndProject
Project("{2150E333-8FDC-42A3-9474-1A3956D46DE8}") = "Business", "Business", "{3DA21041-BE42-44B6-9F26-6EF81C0C1E61}"
EndProject
Project("{2150E333-8FDC-42A3-9474-1A3956D46DE8}") = "DataAccess", "DataAccess", "{2B148D12-1B58-49E8-91CE-90F150C544A1}"
EndProject
Project("{2150E333-8FDC-42A3-9474-1A3956D46DE8}") = "Domain", "Domain", "{C31D7699-C6D1-427B-BD63-FCFBF062B26F}"
EndProject
Project("{FAE04EC0-301F-11D3-BF4B-00C04F79EFBC}") = "RickAndMorty.Api.Client.Entities", "src\Domain\RickAndMorty.Api.Client.Entities\RickAndMorty.Api.Client.Entities.csproj", "{4B9E6CE5-C8B9-4A4C-8C2D-AE1DEC4138D3}"
EndProject
Global
	GlobalSection(SolutionConfigurationPlatforms) = preSolution
		Debug|Any CPU = Debug|Any CPU
		Release|Any CPU = Release|Any CPU
	EndGlobalSection
	GlobalSection(ProjectConfigurationPlatforms) = postSolution
		{4B9E6CE5-C8B9-4A4C-8C2D-AE1DEC4138D3}.Debug|Any CPU.ActiveCfg = Debug|Any CPU
		{4B9E6CE5-C8B9-4A4C-8C2D-AE1DEC4138D3}.Debug|Any CPU.Build.0 = Debug|Any CPU
		{4B9E6CE5-C8B9-4A4C-8C2D-AE1DEC4138D3}.Release|Any CPU.ActiveCfg = Release|Any CPU
		{4B9E6CE5-C8B9-4A4C-8C2D-AE1DEC4138D3}.Release|Any CPU.Build.0 = Release|Any CPU
	EndGlobalSection
	GlobalSection(SolutionProperties) = preSolution
		HideSolutionNode = FALSE
	EndGlobalSection
	GlobalSection(NestedProjects) = preSolution
		{6B37CD19-6978-4754-8CC9-1AACB202E2F1} = {E0B56747-1829-4CB8-974D-6D26D64F7665}
		{84DADEED-6160-408C-B90A-C69AE44C262C} = {E0B56747-1829-4CB8-974D-6D26D64F7665}
		{9465F8E7-675C-4553-8ED1-E23F4CDBA249} = {E0B56747-1829-4CB8-974D-6D26D64F7665}
		{3DA21041-BE42-44B6-9F26-6EF81C0C1E61} = {DA2B89AB-F367-40FB-8D24-A0A2D262033C}
		{2B148D12-1B58-49E8-91CE-90F150C544A1} = {DA2B89AB-F367-40FB-8D24-A0A2D262033C}
		{C31D7699-C6D1-427B-BD63-FCFBF062B26F} = {DA2B89AB-F367-40FB-8D24-A0A2D262033C}
		{4B9E6CE5-C8B9-4A4C-8C2D-AE1DEC4138D3} = {6B37CD19-6978-4754-8CC9-1AACB202E2F1}
	EndGlobalSection
	GlobalSection(ExtensibilityGlobals) = postSolution
		SolutionGuid = {AF862A7A-DF1D-4186-B585-7A30836550DC}
	EndGlobalSection
EndGlobal
